
Microsoft Visual Studio Solution File, Format Version 12.00
# Visual Studio Version 17
VisualStudioVersion = 17.0.31612.314
MinimumVisualStudioVersion = 10.0.40219.1
Project("{9A19103F-16F7-4668-BE54-9A1E7A4F7556}") = "SimpleSIMD", "SimpleSIMD\SimpleSIMD.csproj", "{B8C57B9A-F7FC-4F91-B28B-974A1DA0BC78}"
EndProject
Project("{9A19103F-16F7-4668-BE54-9A1E7A4F7556}") = "Generator", "Generator\Generator.csproj", "{6E73E13B-20BB-49DC-AEBB-BD7F32981153}"
EndProject
Global
	GlobalSection(SolutionConfigurationPlatforms) = preSolution
		Debug|Any CPU = Debug|Any CPU
		Release|Any CPU = Release|Any CPU
	EndGlobalSection
	GlobalSection(ProjectConfigurationPlatforms) = postSolution
		{B8C57B9A-F7FC-4F91-B28B-974A1DA0BC78}.Debug|Any CPU.ActiveCfg = Debug|Any CPU
		{B8C57B9A-F7FC-4F91-B28B-974A1DA0BC78}.Debug|Any CPU.Build.0 = Debug|Any CPU
		{B8C57B9A-F7FC-4F91-B28B-974A1DA0BC78}.Release|Any CPU.ActiveCfg = Release|Any CPU
		{B8C57B9A-F7FC-4F91-B28B-974A1DA0BC78}.Release|Any CPU.Build.0 = Release|Any CPU
		{6E73E13B-20BB-49DC-AEBB-BD7F32981153}.Debug|Any CPU.ActiveCfg = Debug|Any CPU
		{6E73E13B-20BB-49DC-AEBB-BD7F32981153}.Debug|Any CPU.Build.0 = Debug|Any CPU
		{6E73E13B-20BB-49DC-AEBB-BD7F32981153}.Release|Any CPU.ActiveCfg = Release|Any CPU
		{6E73E13B-20BB-49DC-AEBB-BD7F32981153}.Release|Any CPU.Build.0 = Release|Any CPU
	EndGlobalSection
	GlobalSection(SolutionProperties) = preSolution
		HideSolutionNode = FALSE
	EndGlobalSection
	GlobalSection(ExtensibilityGlobals) = postSolution
		SolutionGuid = {CC39C22B-E7AA-4D76-967D-278543F581E1}
	EndGlobalSection
EndGlobal
