
Microsoft Visual Studio Solution File, Format Version 12.00
# Visual Studio Version 16
VisualStudioVersion = 16.0.29920.165
MinimumVisualStudioVersion = 10.0.40219.1
Project("{9A19103F-16F7-4668-BE54-9A1E7A4F7556}") = "SimpleSIMD", "SimpleSIMD\SimpleSIMD.csproj", "{72BB7AB7-C7F7-4092-92DB-395E8E058FEB}"
EndProject
Project("{FAE04EC0-301F-11D3-BF4B-00C04F79EFBC}") = "Tests", "Tests\Tests.csproj", "{BE0D01E0-FAEC-4CE9-9A53-88880F8F9B9E}"
EndProject
Global
	GlobalSection(SolutionConfigurationPlatforms) = preSolution
		Debug|Any CPU = Debug|Any CPU
		Release|Any CPU = Release|Any CPU
	EndGlobalSection
	GlobalSection(ProjectConfigurationPlatforms) = postSolution
		{72BB7AB7-C7F7-4092-92DB-395E8E058FEB}.Debug|Any CPU.ActiveCfg = Debug|Any CPU
		{72BB7AB7-C7F7-4092-92DB-395E8E058FEB}.Debug|Any CPU.Build.0 = Debug|Any CPU
		{72BB7AB7-C7F7-4092-92DB-395E8E058FEB}.Release|Any CPU.ActiveCfg = Release|Any CPU
		{72BB7AB7-C7F7-4092-92DB-395E8E058FEB}.Release|Any CPU.Build.0 = Release|Any CPU
		{BE0D01E0-FAEC-4CE9-9A53-88880F8F9B9E}.Debug|Any CPU.ActiveCfg = Debug|Any CPU
		{BE0D01E0-FAEC-4CE9-9A53-88880F8F9B9E}.Debug|Any CPU.Build.0 = Debug|Any CPU
		{BE0D01E0-FAEC-4CE9-9A53-88880F8F9B9E}.Release|Any CPU.ActiveCfg = Release|Any CPU
		{BE0D01E0-FAEC-4CE9-9A53-88880F8F9B9E}.Release|Any CPU.Build.0 = Release|Any CPU
	EndGlobalSection
	GlobalSection(SolutionProperties) = preSolution
		HideSolutionNode = FALSE
	EndGlobalSection
	GlobalSection(ExtensibilityGlobals) = postSolution
		SolutionGuid = {CC39C22B-E7AA-4D76-967D-278543F581E1}
	EndGlobalSection
EndGlobal
