
Microsoft Visual Studio Solution File, Format Version 12.00
# Visual Studio Version 16
VisualStudioVersion = 16.0.29920.165
MinimumVisualStudioVersion = 10.0.40219.1
Project("{9A19103F-16F7-4668-BE54-9A1E7A4F7556}") = "Tests", "Tests\Tests.csproj", "{BE0D01E0-FAEC-4CE9-9A53-88880F8F9B9E}"
EndProject
Project("{FAE04EC0-301F-11D3-BF4B-00C04F79EFBC}") = "SimpleSIMD", "SimpleSIMD\SimpleSIMD.csproj", "{B8C57B9A-F7FC-4F91-B28B-974A1DA0BC78}"
EndProject
Project("{FAE04EC0-301F-11D3-BF4B-00C04F79EFBC}") = "Benchmarks", "Benchmarks\Benchmarks.csproj", "{98C65880-9391-4BB8-9ED5-060547686E4F}"
EndProject
Global
	GlobalSection(SolutionConfigurationPlatforms) = preSolution
		Debug|Any CPU = Debug|Any CPU
		Release|Any CPU = Release|Any CPU
	EndGlobalSection
	GlobalSection(ProjectConfigurationPlatforms) = postSolution
		{BE0D01E0-FAEC-4CE9-9A53-88880F8F9B9E}.Debug|Any CPU.ActiveCfg = Debug|Any CPU
		{BE0D01E0-FAEC-4CE9-9A53-88880F8F9B9E}.Debug|Any CPU.Build.0 = Debug|Any CPU
		{BE0D01E0-FAEC-4CE9-9A53-88880F8F9B9E}.Release|Any CPU.ActiveCfg = Release|Any CPU
		{BE0D01E0-FAEC-4CE9-9A53-88880F8F9B9E}.Release|Any CPU.Build.0 = Release|Any CPU
		{B8C57B9A-F7FC-4F91-B28B-974A1DA0BC78}.Debug|Any CPU.ActiveCfg = Debug|Any CPU
		{B8C57B9A-F7FC-4F91-B28B-974A1DA0BC78}.Debug|Any CPU.Build.0 = Debug|Any CPU
		{B8C57B9A-F7FC-4F91-B28B-974A1DA0BC78}.Release|Any CPU.ActiveCfg = Release|Any CPU
		{B8C57B9A-F7FC-4F91-B28B-974A1DA0BC78}.Release|Any CPU.Build.0 = Release|Any CPU
		{98C65880-9391-4BB8-9ED5-060547686E4F}.Debug|Any CPU.ActiveCfg = Debug|Any CPU
		{98C65880-9391-4BB8-9ED5-060547686E4F}.Debug|Any CPU.Build.0 = Debug|Any CPU
		{98C65880-9391-4BB8-9ED5-060547686E4F}.Release|Any CPU.ActiveCfg = Release|Any CPU
		{98C65880-9391-4BB8-9ED5-060547686E4F}.Release|Any CPU.Build.0 = Release|Any CPU
	EndGlobalSection
	GlobalSection(SolutionProperties) = preSolution
		HideSolutionNode = FALSE
	EndGlobalSection
	GlobalSection(ExtensibilityGlobals) = postSolution
		SolutionGuid = {CC39C22B-E7AA-4D76-967D-278543F581E1}
	EndGlobalSection
EndGlobal
